
Microsoft Visual Studio Solution File, Format Version 12.00
# Visual Studio Version 16
VisualStudioVersion = 16.0.30611.23
MinimumVisualStudioVersion = 10.0.40219.1
Project("{FAE04EC0-301F-11D3-BF4B-00C04F79EFBC}") = "EFCodeFirst", "EFCodeFirst.csproj", "{C54CB004-980D-4DFD-8FDF-4E96C24085BC}"
EndProject
Global
	GlobalSection(SolutionConfigurationPlatforms) = preSolution
		Debug|Any CPU = Debug|Any CPU
		Release|Any CPU = Release|Any CPU
	EndGlobalSection
	GlobalSection(ProjectConfigurationPlatforms) = postSolution
		{C54CB004-980D-4DFD-8FDF-4E96C24085BC}.Debug|Any CPU.ActiveCfg = Debug|Any CPU
		{C54CB004-980D-4DFD-8FDF-4E96C24085BC}.Debug|Any CPU.Build.0 = Debug|Any CPU
		{C54CB004-980D-4DFD-8FDF-4E96C24085BC}.Release|Any CPU.ActiveCfg = Release|Any CPU
		{C54CB004-980D-4DFD-8FDF-4E96C24085BC}.Release|Any CPU.Build.0 = Release|Any CPU
	EndGlobalSection
	GlobalSection(SolutionProperties) = preSolution
		HideSolutionNode = FALSE
	EndGlobalSection
	GlobalSection(ExtensibilityGlobals) = postSolution
		SolutionGuid = {A0D95F29-380D-4D8F-9109-A1D3A7E37EB3}
	EndGlobalSection
EndGlobal
